# generated by rye
# use `rye lock` or `rye sync` to update this lockfile
#
# last locked with the following flags:
#   pre: false
#   features: []
#   all-features: true
#   with-sources: false
#   generate-hashes: false

-e file:.
attrs==23.2.0
    # via zeep
certifi==2024.2.2
    # via requests
charset-normalizer==3.3.2
    # via requests
idna==3.7
    # via requests
isodate==0.6.1
    # via zeep
lxml==5.2.2
    # via zeep
numpy==1.26.4
    # via pandas
pandas==2.2.2
    # via david-analysis
platformdirs==4.2.2
    # via zeep
python-dateutil==2.9.0.post0
    # via pandas
pytz==2024.1
    # via pandas
    # via zeep
requests==2.32.2
    # via requests-file
    # via requests-toolbelt
    # via zeep
requests-file==2.1.0
    # via zeep
requests-toolbelt==1.0.0
    # via zeep
six==1.16.0
    # via isodate
    # via python-dateutil
tzdata==2024.1
    # via pandas
urllib3==2.2.1
    # via requests
zeep==4.2.1
    # via david-analysis
